// !$*UTF8*$!
{
	archiveVersion = 1;
	classes = {
	};
	objectVersion = 50;
	objects = {

/* Begin PBXBuildFile section */
		D615F7FA243635630033C7F5 /* AppDelegate.swift in Sources */ = {isa = PBXBuildFile; fileRef = D615F7F9243635630033C7F5 /* AppDelegate.swift */; };
		D615F7FE243635630033C7F5 /* ViewController.swift in Sources */ = {isa = PBXBuildFile; fileRef = D615F7FD243635630033C7F5 /* ViewController.swift */; };
		D615F801243635630033C7F5 /* Main.storyboard in Resources */ = {isa = PBXBuildFile; fileRef = D615F7FF243635630033C7F5 /* Main.storyboard */; };
		D615F803243635640033C7F5 /* Assets.xcassets in Resources */ = {isa = PBXBuildFile; fileRef = D615F802243635640033C7F5 /* Assets.xcassets */; };
		D615F806243635640033C7F5 /* LaunchScreen.storyboard in Resources */ = {isa = PBXBuildFile; fileRef = D615F804243635640033C7F5 /* LaunchScreen.storyboard */; };
/* End PBXBuildFile section */

/* Begin PBXFileReference section */
		D615F7F6243635630033C7F5 /* VASwiftlLintWithBuildScriptCheck.app */ = {isa = PBXFileReference; explicitFileType = wrapper.application; includeInIndex = 0; path = VASwiftlLintWithBuildScriptCheck.app; sourceTree = BUILT_PRODUCTS_DIR; };
		D615F7F9243635630033C7F5 /* AppDelegate.swift */ = {isa = PBXFileReference; lastKnownFileType = sourcecode.swift; path = AppDelegate.swift; sourceTree = "<group>"; };
		D615F7FD243635630033C7F5 /* ViewController.swift */ = {isa = PBXFileReference; lastKnownFileType = sourcecode.swift; path = ViewController.swift; sourceTree = "<group>"; };
		D615F800243635630033C7F5 /* Base */ = {isa = PBXFileReference; lastKnownFileType = file.storyboard; name = Base; path = Base.lproj/Main.storyboard; sourceTree = "<group>"; };
		D615F802243635640033C7F5 /* Assets.xcassets */ = {isa = PBXFileReference; lastKnownFileType = folder.assetcatalog; path = Assets.xcassets; sourceTree = "<group>"; };
		D615F805243635640033C7F5 /* Base */ = {isa = PBXFileReference; lastKnownFileType = file.storyboard; name = Base; path = Base.lproj/LaunchScreen.storyboard; sourceTree = "<group>"; };
		D615F807243635640033C7F5 /* Info.plist */ = {isa = PBXFileReference; lastKnownFileType = text.plist.xml; path = Info.plist; sourceTree = "<group>"; };
		D615F810243639620033C7F5 /* Script.sh */ = {isa = PBXFileReference; lastKnownFileType = text.script.sh; path = Script.sh; sourceTree = "<group>"; };
		D615F812243641EC0033C7F5 /* .swiftlint.yml */ = {isa = PBXFileReference; lastKnownFileType = text.yaml; path = .swiftlint.yml; sourceTree = "<group>"; };
/* End PBXFileReference section */

/* Begin PBXFrameworksBuildPhase section */
		D615F7F3243635630033C7F5 /* Frameworks */ = {
			isa = PBXFrameworksBuildPhase;
			buildActionMask = 2147483647;
			files = (
			);
			runOnlyForDeploymentPostprocessing = 0;
		};
/* End PBXFrameworksBuildPhase section */

/* Begin PBXGroup section */
		D615F7ED243635630033C7F5 = {
			isa = PBXGroup;
			children = (
				D615F812243641EC0033C7F5 /* .swiftlint.yml */,
				D615F7F8243635630033C7F5 /* VASwiftlLintWithBuildScriptCheck */,
				D615F7F7243635630033C7F5 /* Products */,
			);
			sourceTree = "<group>";
		};
		D615F7F7243635630033C7F5 /* Products */ = {
			isa = PBXGroup;
			children = (
				D615F7F6243635630033C7F5 /* VASwiftlLintWithBuildScriptCheck.app */,
			);
			name = Products;
			sourceTree = "<group>";
		};
		D615F7F8243635630033C7F5 /* VASwiftlLintWithBuildScriptCheck */ = {
			isa = PBXGroup;
			children = (
				D615F80F2436390F0033C7F5 /* build-phase */,
				D615F7F9243635630033C7F5 /* AppDelegate.swift */,
				D615F7FD243635630033C7F5 /* ViewController.swift */,
				D615F7FF243635630033C7F5 /* Main.storyboard */,
				D615F802243635640033C7F5 /* Assets.xcassets */,
				D615F804243635640033C7F5 /* LaunchScreen.storyboard */,
				D615F807243635640033C7F5 /* Info.plist */,
			);
			path = VASwiftlLintWithBuildScriptCheck;
			sourceTree = "<group>";
		};
		D615F80F2436390F0033C7F5 /* build-phase */ = {
			isa = PBXGroup;
			children = (
				D615F810243639620033C7F5 /* Script.sh */,
			);
			path = "build-phase";
			sourceTree = "<group>";
		};
/* End PBXGroup section */

/* Begin PBXNativeTarget section */
		D615F7F5243635630033C7F5 /* VASwiftlLintWithBuildScriptCheck */ = {
			isa = PBXNativeTarget;
			buildConfigurationList = D615F80A243635640033C7F5 /* Build configuration list for PBXNativeTarget "VASwiftlLintWithBuildScriptCheck" */;
			buildPhases = (
				D615F7F2243635630033C7F5 /* Sources */,
				D615F7F3243635630033C7F5 /* Frameworks */,
				D615F7F4243635630033C7F5 /* Resources */,
				D615F80E243635CF0033C7F5 /* Swiftlint */,
			);
			buildRules = (
			);
			dependencies = (
			);
			name = VASwiftlLintWithBuildScriptCheck;
			productName = VABuildScript_PodInstallation;
			productReference = D615F7F6243635630033C7F5 /* VASwiftlLintWithBuildScriptCheck.app */;
			productType = "com.apple.product-type.application";
		};
/* End PBXNativeTarget section */

/* Begin PBXProject section */
		D615F7EE243635630033C7F5 /* Project object */ = {
			isa = PBXProject;
			attributes = {
				LastSwiftUpdateCheck = 1130;
				LastUpgradeCheck = 1130;
				ORGANIZATIONNAME = "Vikash Anand";
				TargetAttributes = {
					D615F7F5243635630033C7F5 = {
						CreatedOnToolsVersion = 11.3;
					};
				};
			};
			buildConfigurationList = D615F7F1243635630033C7F5 /* Build configuration list for PBXProject "VASwiftlLintWithBuildScriptCheck" */;
			compatibilityVersion = "Xcode 9.3";
			developmentRegion = en;
			hasScannedForEncodings = 0;
			knownRegions = (
				en,
				Base,
			);
			mainGroup = D615F7ED243635630033C7F5;
			productRefGroup = D615F7F7243635630033C7F5 /* Products */;
			projectDirPath = "";
			projectRoot = "";
			targets = (
				D615F7F5243635630033C7F5 /* VASwiftlLintWithBuildScriptCheck */,
			);
		};
/* End PBXProject section */

/* Begin PBXResourcesBuildPhase section */
		D615F7F4243635630033C7F5 /* Resources */ = {
			isa = PBXResourcesBuildPhase;
			buildActionMask = 2147483647;
			files = (
				D615F806243635640033C7F5 /* LaunchScreen.storyboard in Resources */,
				D615F803243635640033C7F5 /* Assets.xcassets in Resources */,
				D615F801243635630033C7F5 /* Main.storyboard in Resources */,
			);
			runOnlyForDeploymentPostprocessing = 0;
		};
/* End PBXResourcesBuildPhase section */

/* Begin PBXShellScriptBuildPhase section */
		D615F80E243635CF0033C7F5 /* Swiftlint */ = {
			isa = PBXShellScriptBuildPhase;
			buildActionMask = 2147483647;
			files = (
			);
			inputFileListPaths = (
			);
			inputPaths = (
			);
			name = Swiftlint;
			outputFileListPaths = (
			);
			outputPaths = (
			);
			runOnlyForDeploymentPostprocessing = 0;
			shellPath = /bin/sh;
			shellScript = "$SWIFTLINT_CHECK_SCRIPT_FILE_PATH\n";
		};
/* End PBXShellScriptBuildPhase section */

/* Begin PBXSourcesBuildPhase section */
		D615F7F2243635630033C7F5 /* Sources */ = {
			isa = PBXSourcesBuildPhase;
			buildActionMask = 2147483647;
			files = (
				D615F7FE243635630033C7F5 /* ViewController.swift in Sources */,
				D615F7FA243635630033C7F5 /* AppDelegate.swift in Sources */,
			);
			runOnlyForDeploymentPostprocessing = 0;
		};
/* End PBXSourcesBuildPhase section */

/* Begin PBXVariantGroup section */
		D615F7FF243635630033C7F5 /* Main.storyboard */ = {
			isa = PBXVariantGroup;
			children = (
				D615F800243635630033C7F5 /* Base */,
			);
			name = Main.storyboard;
			sourceTree = "<group>";
		};
		D615F804243635640033C7F5 /* LaunchScreen.storyboard */ = {
			isa = PBXVariantGroup;
			children = (
				D615F805243635640033C7F5 /* Base */,
			);
			name = LaunchScreen.storyboard;
			sourceTree = "<group>";
		};
/* End PBXVariantGroup section */

/* Begin XCBuildConfiguration section */
		D615F808243635640033C7F5 /* Debug */ = {
			isa = XCBuildConfiguration;
			buildSettings = {
				ALWAYS_SEARCH_USER_PATHS = NO;
				CLANG_ANALYZER_NONNULL = YES;
				CLANG_ANALYZER_NUMBER_OBJECT_CONVERSION = YES_AGGRESSIVE;
				CLANG_CXX_LANGUAGE_STANDARD = "gnu++14";
				CLANG_CXX_LIBRARY = "libc++";
				CLANG_ENABLE_MODULES = YES;
				CLANG_ENABLE_OBJC_ARC = YES;
				CLANG_ENABLE_OBJC_WEAK = YES;
				CLANG_WARN_BLOCK_CAPTURE_AUTORELEASING = YES;
				CLANG_WARN_BOOL_CONVERSION = YES;
				CLANG_WARN_COMMA = YES;
				CLANG_WARN_CONSTANT_CONVERSION = YES;
				CLANG_WARN_DEPRECATED_OBJC_IMPLEMENTATIONS = YES;
				CLANG_WARN_DIRECT_OBJC_ISA_USAGE = YES_ERROR;
				CLANG_WARN_DOCUMENTATION_COMMENTS = YES;
				CLANG_WARN_EMPTY_BODY = YES;
				CLANG_WARN_ENUM_CONVERSION = YES;
				CLANG_WARN_INFINITE_RECURSION = YES;
				CLANG_WARN_INT_CONVERSION = YES;
				CLANG_WARN_NON_LITERAL_NULL_CONVERSION = YES;
				CLANG_WARN_OBJC_IMPLICIT_RETAIN_SELF = YES;
				CLANG_WARN_OBJC_LITERAL_CONVERSION = YES;
				CLANG_WARN_OBJC_ROOT_CLASS = YES_ERROR;
				CLANG_WARN_RANGE_LOOP_ANALYSIS = YES;
				CLANG_WARN_STRICT_PROTOTYPES = YES;
				CLANG_WARN_SUSPICIOUS_MOVE = YES;
				CLANG_WARN_UNGUARDED_AVAILABILITY = YES_AGGRESSIVE;
				CLANG_WARN_UNREACHABLE_CODE = YES;
				CLANG_WARN__DUPLICATE_METHOD_MATCH = YES;
				COPY_PHASE_STRIP = NO;
				DEBUG_INFORMATION_FORMAT = dwarf;
				ENABLE_STRICT_OBJC_MSGSEND = YES;
				ENABLE_TESTABILITY = YES;
				GCC_C_LANGUAGE_STANDARD = gnu11;
				GCC_DYNAMIC_NO_PIC = NO;
				GCC_NO_COMMON_BLOCKS = YES;
				GCC_OPTIMIZATION_LEVEL = 0;
				GCC_PREPROCESSOR_DEFINITIONS = (
					"DEBUG=1",
					"$(inherited)",
				);
				GCC_WARN_64_TO_32_BIT_CONVERSION = YES;
				GCC_WARN_ABOUT_RETURN_TYPE = YES_ERROR;
				GCC_WARN_UNDECLARED_SELECTOR = YES;
				GCC_WARN_UNINITIALIZED_AUTOS = YES_AGGRESSIVE;
				GCC_WARN_UNUSED_FUNCTION = YES;
				GCC_WARN_UNUSED_VARIABLE = YES;
				IPHONEOS_DEPLOYMENT_TARGET = 13.2;
				MTL_ENABLE_DEBUG_INFO = INCLUDE_SOURCE;
				MTL_FAST_MATH = YES;
				ONLY_ACTIVE_ARCH = YES;
				SDKROOT = iphoneos;
				SWIFT_ACTIVE_COMPILATION_CONDITIONS = DEBUG;
				SWIFT_OPTIMIZATION_LEVEL = "-Onone";
			};
			name = Debug;
		};
		D615F809243635640033C7F5 /* Release */ = {
			isa = XCBuildConfiguration;
			buildSettings = {
				ALWAYS_SEARCH_USER_PATHS = NO;
				CLANG_ANALYZER_NONNULL = YES;
				CLANG_ANALYZER_NUMBER_OBJECT_CONVERSION = YES_AGGRESSIVE;
				CLANG_CXX_LANGUAGE_STANDARD = "gnu++14";
				CLANG_CXX_LIBRARY = "libc++";
				CLANG_ENABLE_MODULES = YES;
				CLANG_ENABLE_OBJC_ARC = YES;
				CLANG_ENABLE_OBJC_WEAK = YES;
				CLANG_WARN_BLOCK_CAPTURE_AUTORELEASING = YES;
				CLANG_WARN_BOOL_CONVERSION = YES;
				CLANG_WARN_COMMA = YES;
				CLANG_WARN_CONSTANT_CONVERSION = YES;
				CLANG_WARN_DEPRECATED_OBJC_IMPLEMENTATIONS = YES;
				CLANG_WARN_DIRECT_OBJC_ISA_USAGE = YES_ERROR;
				CLANG_WARN_DOCUMENTATION_COMMENTS = YES;
				CLANG_WARN_EMPTY_BODY = YES;
				CLANG_WARN_ENUM_CONVERSION = YES;
				CLANG_WARN_INFINITE_RECURSION = YES;
				CLANG_WARN_INT_CONVERSION = YES;
				CLANG_WARN_NON_LITERAL_NULL_CONVERSION = YES;
				CLANG_WARN_OBJC_IMPLICIT_RETAIN_SELF = YES;
				CLANG_WARN_OBJC_LITERAL_CONVERSION = YES;
				CLANG_WARN_OBJC_ROOT_CLASS = YES_ERROR;
				CLANG_WARN_RANGE_LOOP_ANALYSIS = YES;
				CLANG_WARN_STRICT_PROTOTYPES = YES;
				CLANG_WARN_SUSPICIOUS_MOVE = YES;
				CLANG_WARN_UNGUARDED_AVAILABILITY = YES_AGGRESSIVE;
				CLANG_WARN_UNREACHABLE_CODE = YES;
				CLANG_WARN__DUPLICATE_METHOD_MATCH = YES;
				COPY_PHASE_STRIP = NO;
				DEBUG_INFORMATION_FORMAT = "dwarf-with-dsym";
				ENABLE_NS_ASSERTIONS = NO;
				ENABLE_STRICT_OBJC_MSGSEND = YES;
				GCC_C_LANGUAGE_STANDARD = gnu11;
				GCC_NO_COMMON_BLOCKS = YES;
				GCC_WARN_64_TO_32_BIT_CONVERSION = YES;
				GCC_WARN_ABOUT_RETURN_TYPE = YES_ERROR;
				GCC_WARN_UNDECLARED_SELECTOR = YES;
				GCC_WARN_UNINITIALIZED_AUTOS = YES_AGGRESSIVE;
				GCC_WARN_UNUSED_FUNCTION = YES;
				GCC_WARN_UNUSED_VARIABLE = YES;
				IPHONEOS_DEPLOYMENT_TARGET = 13.2;
				MTL_ENABLE_DEBUG_INFO = NO;
				MTL_FAST_MATH = YES;
				SDKROOT = iphoneos;
				SWIFT_COMPILATION_MODE = wholemodule;
				SWIFT_OPTIMIZATION_LEVEL = "-O";
				VALIDATE_PRODUCT = YES;
			};
			name = Release;
		};
		D615F80B243635640033C7F5 /* Debug */ = {
			isa = XCBuildConfiguration;
			buildSettings = {
				ASSETCATALOG_COMPILER_APPICON_NAME = AppIcon;
				CODE_SIGN_STYLE = Automatic;
				DEVELOPMENT_TEAM = B6LN4XWA2V;
				INFOPLIST_FILE = VASwiftlLintWithBuildScriptCheck/Info.plist;
				LD_RUNPATH_SEARCH_PATHS = (
					"$(inherited)",
					"@executable_path/Frameworks",
				);
				PRODUCT_BUNDLE_IDENTIFIER = com.va.VASwiftlLintWithBuildScriptCheck;
				PRODUCT_NAME = "$(TARGET_NAME)";
				SWIFTLINT_CHECK_SCRIPT_FILE_PATH = "${SRCROOT}/VASwiftlLintWithBuildScriptCheck/build-phase/Script.sh";
				SWIFT_VERSION = 5.0;
				TARGETED_DEVICE_FAMILY = "1,2";
			};
			name = Debug;
		};
		D615F80C243635640033C7F5 /* Release */ = {
			isa = XCBuildConfiguration;
			buildSettings = {
				ASSETCATALOG_COMPILER_APPICON_NAME = AppIcon;
				CODE_SIGN_STYLE = Automatic;
				DEVELOPMENT_TEAM = B6LN4XWA2V;
				INFOPLIST_FILE = VASwiftlLintWithBuildScriptCheck/Info.plist;
				LD_RUNPATH_SEARCH_PATHS = (
					"$(inherited)",
					"@executable_path/Frameworks",
				);
				PRODUCT_BUNDLE_IDENTIFIER = com.va.VASwiftlLintWithBuildScriptCheck;
				PRODUCT_NAME = "$(TARGET_NAME)";
				SWIFTLINT_CHECK_SCRIPT_FILE_PATH = "${SRCROOT}/VASwiftlLintWithBuildScriptCheck/build-phase/Script.sh";
				SWIFT_VERSION = 5.0;
				TARGETED_DEVICE_FAMILY = "1,2";
			};
			name = Release;
		};
/* End XCBuildConfiguration section */

/* Begin XCConfigurationList section */
		D615F7F1243635630033C7F5 /* Build configuration list for PBXProject "VASwiftlLintWithBuildScriptCheck" */ = {
			isa = XCConfigurationList;
			buildConfigurations = (
				D615F808243635640033C7F5 /* Debug */,
				D615F809243635640033C7F5 /* Release */,
			);
			defaultConfigurationIsVisible = 0;
			defaultConfigurationName = Release;
		};
		D615F80A243635640033C7F5 /* Build configuration list for PBXNativeTarget "VASwiftlLintWithBuildScriptCheck" */ = {
			isa = XCConfigurationList;
			buildConfigurations = (
				D615F80B243635640033C7F5 /* Debug */,
				D615F80C243635640033C7F5 /* Release */,
			);
			defaultConfigurationIsVisible = 0;
			defaultConfigurationName = Release;
		};
/* End XCConfigurationList section */
	};
	rootObject = D615F7EE243635630033C7F5 /* Project object */;
}
